
Microsoft Visual Studio Solution File, Format Version 12.00
# Visual Studio Version 17
VisualStudioVersion = 17.8.34511.84
MinimumVisualStudioVersion = 10.0.40219.1
Project("{9A19103F-16F7-4668-BE54-9A1E7A4F7556}") = "LibraryManager", "LibraryManager\LibraryManager.csproj", "{F152D3FE-71CE-4BDD-88F1-1F7F245089C8}"
EndProject
Project("{9A19103F-16F7-4668-BE54-9A1E7A4F7556}") = "DataAccessLayer", "DataAccessLayer\DataAccessLayer.csproj", "{6E95D59E-04D0-475D-A036-6401C291555F}"
EndProject
Project("{9A19103F-16F7-4668-BE54-9A1E7A4F7556}") = "BusinessObjects", "BusinessObjects\BusinessObjects.csproj", "{411679B0-5E7A-48F1-B0FA-83007795665D}"
EndProject
Project("{9A19103F-16F7-4668-BE54-9A1E7A4F7556}") = "Services", "Services\Services.csproj", "{B9F56FA6-C44D-4FC1-9ACD-2AE6867A2F9F}"
EndProject
Project("{9A19103F-16F7-4668-BE54-9A1E7A4F7556}") = "BusinessLayer", "BusinessLayer\BusinessLayer.csproj", "{9A0F6995-1BA2-4D9B-853D-9879A8C285E5}"
EndProject
Project("{2150E333-8FDC-42A3-9474-1A3956D46DE8}") = "Test", "Test", "{F7651F9A-1704-4D94-9146-8D228EF4515D}"
EndProject
Project("{FAE04EC0-301F-11D3-BF4B-00C04F79EFBC}") = "BusinessLayer.Tests", "BusinessLayer.Tests\BusinessLayer.Tests.csproj", "{60E5BD1C-F066-45AB-841A-7C82AFB710B3}"
EndProject
Project("{FAE04EC0-301F-11D3-BF4B-00C04F79EFBC}") = "Services.Tests", "Services.Tests\Services.Tests.csproj", "{8AAF8BED-13C4-42CB-A913-F189C2DFEE9A}"
EndProject
Project("{FAE04EC0-301F-11D3-BF4B-00C04F79EFBC}") = "LibraryManager.Hosting", "LibraryManager.Hosting\LibraryManager.Hosting.csproj", "{D7194239-CD51-4A38-BB43-F77DE73ACA92}"
EndProject
Global
	GlobalSection(SolutionConfigurationPlatforms) = preSolution
		Debug|Any CPU = Debug|Any CPU
		Release|Any CPU = Release|Any CPU
	EndGlobalSection
	GlobalSection(ProjectConfigurationPlatforms) = postSolution
		{F152D3FE-71CE-4BDD-88F1-1F7F245089C8}.Debug|Any CPU.ActiveCfg = Debug|Any CPU
		{F152D3FE-71CE-4BDD-88F1-1F7F245089C8}.Debug|Any CPU.Build.0 = Debug|Any CPU
		{F152D3FE-71CE-4BDD-88F1-1F7F245089C8}.Release|Any CPU.ActiveCfg = Release|Any CPU
		{F152D3FE-71CE-4BDD-88F1-1F7F245089C8}.Release|Any CPU.Build.0 = Release|Any CPU
		{6E95D59E-04D0-475D-A036-6401C291555F}.Debug|Any CPU.ActiveCfg = Debug|Any CPU
		{6E95D59E-04D0-475D-A036-6401C291555F}.Debug|Any CPU.Build.0 = Debug|Any CPU
		{6E95D59E-04D0-475D-A036-6401C291555F}.Release|Any CPU.ActiveCfg = Release|Any CPU
		{6E95D59E-04D0-475D-A036-6401C291555F}.Release|Any CPU.Build.0 = Release|Any CPU
		{411679B0-5E7A-48F1-B0FA-83007795665D}.Debug|Any CPU.ActiveCfg = Debug|Any CPU
		{411679B0-5E7A-48F1-B0FA-83007795665D}.Debug|Any CPU.Build.0 = Debug|Any CPU
		{411679B0-5E7A-48F1-B0FA-83007795665D}.Release|Any CPU.ActiveCfg = Release|Any CPU
		{411679B0-5E7A-48F1-B0FA-83007795665D}.Release|Any CPU.Build.0 = Release|Any CPU
		{B9F56FA6-C44D-4FC1-9ACD-2AE6867A2F9F}.Debug|Any CPU.ActiveCfg = Debug|Any CPU
		{B9F56FA6-C44D-4FC1-9ACD-2AE6867A2F9F}.Debug|Any CPU.Build.0 = Debug|Any CPU
		{B9F56FA6-C44D-4FC1-9ACD-2AE6867A2F9F}.Release|Any CPU.ActiveCfg = Release|Any CPU
		{B9F56FA6-C44D-4FC1-9ACD-2AE6867A2F9F}.Release|Any CPU.Build.0 = Release|Any CPU
		{9A0F6995-1BA2-4D9B-853D-9879A8C285E5}.Debug|Any CPU.ActiveCfg = Debug|Any CPU
		{9A0F6995-1BA2-4D9B-853D-9879A8C285E5}.Debug|Any CPU.Build.0 = Debug|Any CPU
		{9A0F6995-1BA2-4D9B-853D-9879A8C285E5}.Release|Any CPU.ActiveCfg = Release|Any CPU
		{9A0F6995-1BA2-4D9B-853D-9879A8C285E5}.Release|Any CPU.Build.0 = Release|Any CPU
		{60E5BD1C-F066-45AB-841A-7C82AFB710B3}.Debug|Any CPU.ActiveCfg = Debug|Any CPU
		{60E5BD1C-F066-45AB-841A-7C82AFB710B3}.Debug|Any CPU.Build.0 = Debug|Any CPU
		{60E5BD1C-F066-45AB-841A-7C82AFB710B3}.Release|Any CPU.ActiveCfg = Release|Any CPU
		{60E5BD1C-F066-45AB-841A-7C82AFB710B3}.Release|Any CPU.Build.0 = Release|Any CPU
		{8AAF8BED-13C4-42CB-A913-F189C2DFEE9A}.Debug|Any CPU.ActiveCfg = Debug|Any CPU
		{8AAF8BED-13C4-42CB-A913-F189C2DFEE9A}.Debug|Any CPU.Build.0 = Debug|Any CPU
		{8AAF8BED-13C4-42CB-A913-F189C2DFEE9A}.Release|Any CPU.ActiveCfg = Release|Any CPU
		{8AAF8BED-13C4-42CB-A913-F189C2DFEE9A}.Release|Any CPU.Build.0 = Release|Any CPU
		{D7194239-CD51-4A38-BB43-F77DE73ACA92}.Debug|Any CPU.ActiveCfg = Debug|Any CPU
		{D7194239-CD51-4A38-BB43-F77DE73ACA92}.Debug|Any CPU.Build.0 = Debug|Any CPU
		{D7194239-CD51-4A38-BB43-F77DE73ACA92}.Release|Any CPU.ActiveCfg = Release|Any CPU
		{D7194239-CD51-4A38-BB43-F77DE73ACA92}.Release|Any CPU.Build.0 = Release|Any CPU
	EndGlobalSection
	GlobalSection(SolutionProperties) = preSolution
		HideSolutionNode = FALSE
	EndGlobalSection
	GlobalSection(NestedProjects) = preSolution
		{60E5BD1C-F066-45AB-841A-7C82AFB710B3} = {F7651F9A-1704-4D94-9146-8D228EF4515D}
		{8AAF8BED-13C4-42CB-A913-F189C2DFEE9A} = {F7651F9A-1704-4D94-9146-8D228EF4515D}
	EndGlobalSection
	GlobalSection(ExtensibilityGlobals) = postSolution
		SolutionGuid = {90618293-9D09-49C7-908D-47E9AF2F027D}
	EndGlobalSection
EndGlobal
